<?xml version="1.0" encoding="utf-8"?>
<Project ToolsVersion="17.0" xmlns="http://schemas.microsoft.com/developer/msbuild/2003">
  <ItemGroup>
    <ClCompile Include="C:\Users\Dasmit\Desktop\tnm046-labs-master\GLprimer.cpp">
      <Filter>Source Files</Filter>
    </ClCompile>
    <ClCompile Include="C:\Users\Dasmit\Desktop\tnm046-labs-master\Rotator.cpp">
      <Filter>Source Files</Filter>
    </ClCompile>
    <ClCompile Include="C:\Users\Dasmit\Desktop\tnm046-labs-master\Shader.cpp">
      <Filter>Source Files</Filter>
    </ClCompile>
    <ClCompile Include="C:\Users\Dasmit\Desktop\tnm046-labs-master\Texture.cpp">
      <Filter>Source Files</Filter>
    </ClCompile>
    <ClCompile Include="C:\Users\Dasmit\Desktop\tnm046-labs-master\TriangleSoup.cpp">
      <Filter>Source Files</Filter>
    </ClCompile>
    <ClCompile Include="C:\Users\Dasmit\Desktop\tnm046-labs-master\Utilities.cpp">
      <Filter>Source Files</Filter>
    </ClCompile>
  </ItemGroup>
  <ItemGroup>
    <ClInclude Include="C:\Users\Dasmit\Desktop\tnm046-labs-master\Rotator.hpp">
      <Filter>Header Files</Filter>
    </ClInclude>
    <ClInclude Include="C:\Users\Dasmit\Desktop\tnm046-labs-master\Shader.hpp">
      <Filter>Header Files</Filter>
    </ClInclude>
    <ClInclude Include="C:\Users\Dasmit\Desktop\tnm046-labs-master\Texture.hpp">
      <Filter>Header Files</Filter>
    </ClInclude>
    <ClInclude Include="C:\Users\Dasmit\Desktop\tnm046-labs-master\TriangleSoup.hpp">
      <Filter>Header Files</Filter>
    </ClInclude>
    <ClInclude Include="C:\Users\Dasmit\Desktop\tnm046-labs-master\Utilities.hpp">
      <Filter>Header Files</Filter>
    </ClInclude>
  </ItemGroup>
  <ItemGroup>
    <CustomBuild Include="C:\Users\Dasmit\Desktop\tnm046-labs-master\CMakeLists.txt" />
  </ItemGroup>
  <ItemGroup>
    <Filter Include="Header Files">
      <UniqueIdentifier>{105486AE-74F5-3A54-AFCC-C3AC8F9351CF}</UniqueIdentifier>
    </Filter>
    <Filter Include="Source Files">
      <UniqueIdentifier>{1F689A4F-DA9E-3B8C-ADB9-8B97EC02CD0C}</UniqueIdentifier>
    </Filter>
  </ItemGroup>
</Project>
